
Microsoft Visual Studio Solution File, Format Version 12.00
# Visual Studio Version 16
VisualStudioVersion = 16.0.32901.82
MinimumVisualStudioVersion = 10.0.40219.1
Project("{FAE04EC0-301F-11D3-BF4B-00C04F79EFBC}") = "PM1_2.Android", "PM1_2\PM1_2.Android\PM1_2.Android.csproj", "{F5CA8244-C185-4047-80F0-2B798BD31C05}"
EndProject
Project("{FAE04EC0-301F-11D3-BF4B-00C04F79EFBC}") = "PM1_2", "PM1_2\PM1_2\PM1_2.csproj", "{ED9ECC01-0620-4B59-923A-464EB3BB43DA}"
EndProject
Global
	GlobalSection(SolutionConfigurationPlatforms) = preSolution
		Debug|Any CPU = Debug|Any CPU
		Release|Any CPU = Release|Any CPU
	EndGlobalSection
	GlobalSection(ProjectConfigurationPlatforms) = postSolution
		{F5CA8244-C185-4047-80F0-2B798BD31C05}.Debug|Any CPU.ActiveCfg = Debug|Any CPU
		{F5CA8244-C185-4047-80F0-2B798BD31C05}.Debug|Any CPU.Build.0 = Debug|Any CPU
		{F5CA8244-C185-4047-80F0-2B798BD31C05}.Debug|Any CPU.Deploy.0 = Debug|Any CPU
		{F5CA8244-C185-4047-80F0-2B798BD31C05}.Release|Any CPU.ActiveCfg = Release|Any CPU
		{F5CA8244-C185-4047-80F0-2B798BD31C05}.Release|Any CPU.Build.0 = Release|Any CPU
		{F5CA8244-C185-4047-80F0-2B798BD31C05}.Release|Any CPU.Deploy.0 = Release|Any CPU
		{ED9ECC01-0620-4B59-923A-464EB3BB43DA}.Debug|Any CPU.ActiveCfg = Debug|Any CPU
		{ED9ECC01-0620-4B59-923A-464EB3BB43DA}.Debug|Any CPU.Build.0 = Debug|Any CPU
		{ED9ECC01-0620-4B59-923A-464EB3BB43DA}.Debug|Any CPU.Deploy.0 = Debug|Any CPU
		{ED9ECC01-0620-4B59-923A-464EB3BB43DA}.Release|Any CPU.ActiveCfg = Release|Any CPU
		{ED9ECC01-0620-4B59-923A-464EB3BB43DA}.Release|Any CPU.Build.0 = Release|Any CPU
		{ED9ECC01-0620-4B59-923A-464EB3BB43DA}.Release|Any CPU.Deploy.0 = Release|Any CPU
	EndGlobalSection
	GlobalSection(SolutionProperties) = preSolution
		HideSolutionNode = FALSE
	EndGlobalSection
	GlobalSection(ExtensibilityGlobals) = postSolution
		SolutionGuid = {BF7F3177-9DCF-47FE-ABA0-7577CA8D78DD}
	EndGlobalSection
EndGlobal
